
Microsoft Visual Studio Solution File, Format Version 12.00
# Visual Studio Version 17
VisualStudioVersion = 17.1.32414.318
MinimumVisualStudioVersion = 10.0.40219.1
Project("{FAE04EC0-301F-11D3-BF4B-00C04F79EFBC}") = "CafeWpfApp", "CafeWpfApp\CafeWpfApp.csproj", "{EE935C34-8C76-4ED4-B584-C2B97B9536AE}"
EndProject
Global
	GlobalSection(SolutionConfigurationPlatforms) = preSolution
		Debug|Any CPU = Debug|Any CPU
		Release|Any CPU = Release|Any CPU
	EndGlobalSection
	GlobalSection(ProjectConfigurationPlatforms) = postSolution
		{EE935C34-8C76-4ED4-B584-C2B97B9536AE}.Debug|Any CPU.ActiveCfg = Debug|Any CPU
		{EE935C34-8C76-4ED4-B584-C2B97B9536AE}.Debug|Any CPU.Build.0 = Debug|Any CPU
		{EE935C34-8C76-4ED4-B584-C2B97B9536AE}.Release|Any CPU.ActiveCfg = Release|Any CPU
		{EE935C34-8C76-4ED4-B584-C2B97B9536AE}.Release|Any CPU.Build.0 = Release|Any CPU
	EndGlobalSection
	GlobalSection(SolutionProperties) = preSolution
		HideSolutionNode = FALSE
	EndGlobalSection
	GlobalSection(ExtensibilityGlobals) = postSolution
		SolutionGuid = {5E49A56E-D3CE-4EEB-A487-CCD02EE5E8A4}
	EndGlobalSection
EndGlobal
